schema: '2.0'
stages:
  ingest:
    cmd: python -m src.components.data_ingestion
    deps:
    - path: data/raw/daily_forex_rates.csv
      hash: md5
      md5: 115c4d6f40125c05daad08a8f5929fcc
      size: 22183371
    - path: src/components/data_ingestion.py
      hash: md5
      md5: 2e495ebaf11cee7e12ba17f1458189f1
      size: 4519
    params:
      params.yaml:
        cleaning:
          glitch_threshold: 0.1
          glitch_reversal: 0.3
        data:
          raw_path: data/raw/daily_forex_rates.csv
          clean_path: artifacts/clean.parquet
          currencies:
          - USD
          - GBP
          - JPY
          - CHF
          - AUD
          - CAD
          - LKR
    outs:
    - path: artifacts/clean.parquet
      hash: md5
      md5: 5c33d3e8bc5bf364c2282953a05e2688
      size: 920649
  transform:
    cmd: python -m src.components.data_transformation
    deps:
    - path: artifacts/clean.parquet
      hash: md5
      md5: 5c33d3e8bc5bf364c2282953a05e2688
      size: 920649
    - path: src/components/data_transformation.py
      hash: md5
      md5: 8200ce41186d7c96d01ce7dfef0108b8
      size: 5480
    params:
      params.yaml:
        features:
          lags: 30
          windows:
          - 5
          - 10
          - 20
          - 30
          features_path: artifacts/features.parquet
    outs:
    - path: artifacts/features.parquet
      hash: md5
      md5: 8e551c31e14dd6e3cde79c7922404e78
      size: 16377608
